dependencies:
- name: postgresql
  repository: https://charts.bitnami.com/bitnami
  version: 10.1.3
- name: redis
  repository: https://charts.bitnami.com/bitnami
  version: 10.7.17
- name: redis
  repository: https://charts.bitnami.com/bitnami
  version: 10.7.17
digest: sha256:ea747160318a465762fee3a76f3676d3d64d22ad273c4e3930b99c758705e0a6
generated: "2020-12-10T14:11:46.968886+02:00"
